# This file is automatically @generated by Cargo.
# It is not intended for manual editing.
[[package]]
name = "ordnl"
version = "1.0.3"
source = "registry+https://github.com/rust-lang/crates.io-index"
checksum = "70553abc90e4906e37c5ecb04629021b5e925c30a68741c4958c7be5692be09f"

[[package]]
name = "twelve-days"
version = "0.1.0"
dependencies = [
 "ordnl",
]
